
Microsoft Visual Studio Solution File, Format Version 12.00
# Visual Studio Version 17
VisualStudioVersion = 17.9.34723.18
MinimumVisualStudioVersion = 10.0.40219.1
Project("{9A19103F-16F7-4668-BE54-9A1E7A4F7556}") = "Assign2", "Assign2\Assign2.csproj", "{9D4F5A80-7CDE-42B1-A5FC-8500682E126F}"
EndProject
Project("{9A19103F-16F7-4668-BE54-9A1E7A4F7556}") = "Assign3", "Assign3\Assign3.csproj", "{38DFF3B8-32B4-4DE6-80EB-D73685D464F5}"
EndProject
Project("{9A19103F-16F7-4668-BE54-9A1E7A4F7556}") = "Assign4", "Assign4\Assign4.csproj", "{5FE86E50-EA30-405C-AE80-CCA9C133C53D}"
EndProject
Project("{9A19103F-16F7-4668-BE54-9A1E7A4F7556}") = "Assign5", "Assign5\Assign5.csproj", "{8D068FF7-9716-48AA-B215-A724EDC8A7B6}"
EndProject
Project("{9A19103F-16F7-4668-BE54-9A1E7A4F7556}") = "Demo5", "Demo5\Demo5.csproj", "{9B61DF55-B40E-4F9A-8B1A-5294E4F5546A}"
EndProject
Project("{9A19103F-16F7-4668-BE54-9A1E7A4F7556}") = "Demo6", "Demo6\Demo6.csproj", "{C0033589-30F4-48DF-9CCD-45F43954983E}"
EndProject
Project("{9A19103F-16F7-4668-BE54-9A1E7A4F7556}") = "Assign6", "Assign6\Assign6.csproj", "{A1D2DA94-6FDE-42F6-B5F6-677532949412}"
EndProject
Project("{9A19103F-16F7-4668-BE54-9A1E7A4F7556}") = "Common6", "Common6\Common6.csproj", "{A950A4F4-9CE8-458C-A470-CAF09BECAF1F}"
EndProject
Project("{9A19103F-16F7-4668-BE54-9A1E7A4F7556}") = "Demo7", "Demo7\Demo7.csproj", "{7CBC5E42-0B2C-47A3-A96F-4F3EA250ED76}"
EndProject
Project("{9A19103F-16F7-4668-BE54-9A1E7A4F7556}") = "Assign 7", "Assign 7\Assign 7.csproj", "{20A96BB9-3F16-453F-A0ED-B821A93D56E2}"
EndProject
Project("{9A19103F-16F7-4668-BE54-9A1E7A4F7556}") = "Demo8", "Demo8\Demo8.csproj", "{DB3141EA-6CDE-48D2-8AC9-259D1409322C}"
EndProject
Project("{9A19103F-16F7-4668-BE54-9A1E7A4F7556}") = "DemoOOP04", "DemoOOP04\DemoOOP04.csproj", "{35BA70A8-BBA9-4532-8958-07DE4AB51844}"
EndProject
Project("{9A19103F-16F7-4668-BE54-9A1E7A4F7556}") = "AssignOOP04", "AssignOOP04\AssignOOP04.csproj", "{0A028A4A-6AB0-472B-BB7A-8F28DA9AE709}"
EndProject
Project("{9A19103F-16F7-4668-BE54-9A1E7A4F7556}") = "DemoOOP05", "DemoOOP05\DemoOOP05.csproj", "{68D1A4B9-7428-4AAD-9CD8-90D9ABAF16B7}"
EndProject
Project("{9A19103F-16F7-4668-BE54-9A1E7A4F7556}") = "AssignOOP05", "AssignOOP05\AssignOOP05.csproj", "{C23B09FA-8035-467E-B0A7-12B923AC5FA4}"
EndProject
Project("{9A19103F-16F7-4668-BE54-9A1E7A4F7556}") = "DemoADV01", "DemoADV01\DemoADV01.csproj", "{626D6DD1-A5C9-4E9D-96B4-0BFA575F49F6}"
EndProject
Project("{9A19103F-16F7-4668-BE54-9A1E7A4F7556}") = "AssignADV01", "AssignADV01\AssignADV01.csproj", "{6B71B642-A6FE-497C-801B-65B92F88139B}"
EndProject
Project("{9A19103F-16F7-4668-BE54-9A1E7A4F7556}") = "EXAMOOP02", "EXAMOOP02\EXAMOOP02.csproj", "{9B0594E0-935C-4178-8770-3E06CFF6A733}"
EndProject
Project("{9A19103F-16F7-4668-BE54-9A1E7A4F7556}") = "DemoADV02", "DemoADV02\DemoADV02.csproj", "{3F8AA65A-9871-40FE-B92F-1847B62AA9E2}"
EndProject
Project("{9A19103F-16F7-4668-BE54-9A1E7A4F7556}") = "AssignADV02", "AssignADV02\AssignADV02.csproj", "{9A32CE76-8A00-4D7C-8C8F-2F74EC4100B6}"
EndProject
Project("{9A19103F-16F7-4668-BE54-9A1E7A4F7556}") = "DemoADV03", "DemoADV03\DemoADV03.csproj", "{9E409987-B0AF-4294-9060-DC77B65DC73B}"
EndProject
Project("{9A19103F-16F7-4668-BE54-9A1E7A4F7556}") = "AssignADV03", "AssignADV03\AssignADV03.csproj", "{F10430D2-7F2C-4DA9-B140-A550C69264FF}"
EndProject
Project("{9A19103F-16F7-4668-BE54-9A1E7A4F7556}") = "DemoADV04", "DemoADV04\DemoADV04.csproj", "{C2858869-64E2-4BDB-9904-969BFD3FB1CC}"
EndProject
Project("{9A19103F-16F7-4668-BE54-9A1E7A4F7556}") = "AssignADV04", "AssignADV04\AssignADV04.csproj", "{E04C2540-BD3E-4B08-9370-40E8CF176868}"
EndProject
Project("{FAE04EC0-301F-11D3-BF4B-00C04F79EFBC}") = "DemoLINQ01", "DemoLINQ01\DemoLINQ01.csproj", "{A21D20D9-34CC-44A7-A5D4-544E901B3C99}"
EndProject
Global
	GlobalSection(SolutionConfigurationPlatforms) = preSolution
		Debug|Any CPU = Debug|Any CPU
		Release|Any CPU = Release|Any CPU
	EndGlobalSection
	GlobalSection(ProjectConfigurationPlatforms) = postSolution
		{9D4F5A80-7CDE-42B1-A5FC-8500682E126F}.Debug|Any CPU.ActiveCfg = Debug|Any CPU
		{9D4F5A80-7CDE-42B1-A5FC-8500682E126F}.Debug|Any CPU.Build.0 = Debug|Any CPU
		{9D4F5A80-7CDE-42B1-A5FC-8500682E126F}.Release|Any CPU.ActiveCfg = Release|Any CPU
		{9D4F5A80-7CDE-42B1-A5FC-8500682E126F}.Release|Any CPU.Build.0 = Release|Any CPU
		{38DFF3B8-32B4-4DE6-80EB-D73685D464F5}.Debug|Any CPU.ActiveCfg = Debug|Any CPU
		{38DFF3B8-32B4-4DE6-80EB-D73685D464F5}.Debug|Any CPU.Build.0 = Debug|Any CPU
		{38DFF3B8-32B4-4DE6-80EB-D73685D464F5}.Release|Any CPU.ActiveCfg = Release|Any CPU
		{38DFF3B8-32B4-4DE6-80EB-D73685D464F5}.Release|Any CPU.Build.0 = Release|Any CPU
		{5FE86E50-EA30-405C-AE80-CCA9C133C53D}.Debug|Any CPU.ActiveCfg = Debug|Any CPU
		{5FE86E50-EA30-405C-AE80-CCA9C133C53D}.Debug|Any CPU.Build.0 = Debug|Any CPU
		{5FE86E50-EA30-405C-AE80-CCA9C133C53D}.Release|Any CPU.ActiveCfg = Release|Any CPU
		{5FE86E50-EA30-405C-AE80-CCA9C133C53D}.Release|Any CPU.Build.0 = Release|Any CPU
		{8D068FF7-9716-48AA-B215-A724EDC8A7B6}.Debug|Any CPU.ActiveCfg = Debug|Any CPU
		{8D068FF7-9716-48AA-B215-A724EDC8A7B6}.Debug|Any CPU.Build.0 = Debug|Any CPU
		{8D068FF7-9716-48AA-B215-A724EDC8A7B6}.Release|Any CPU.ActiveCfg = Release|Any CPU
		{8D068FF7-9716-48AA-B215-A724EDC8A7B6}.Release|Any CPU.Build.0 = Release|Any CPU
		{9B61DF55-B40E-4F9A-8B1A-5294E4F5546A}.Debug|Any CPU.ActiveCfg = Debug|Any CPU
		{9B61DF55-B40E-4F9A-8B1A-5294E4F5546A}.Debug|Any CPU.Build.0 = Debug|Any CPU
		{9B61DF55-B40E-4F9A-8B1A-5294E4F5546A}.Release|Any CPU.ActiveCfg = Release|Any CPU
		{9B61DF55-B40E-4F9A-8B1A-5294E4F5546A}.Release|Any CPU.Build.0 = Release|Any CPU
		{C0033589-30F4-48DF-9CCD-45F43954983E}.Debug|Any CPU.ActiveCfg = Debug|Any CPU
		{C0033589-30F4-48DF-9CCD-45F43954983E}.Debug|Any CPU.Build.0 = Debug|Any CPU
		{C0033589-30F4-48DF-9CCD-45F43954983E}.Release|Any CPU.ActiveCfg = Release|Any CPU
		{C0033589-30F4-48DF-9CCD-45F43954983E}.Release|Any CPU.Build.0 = Release|Any CPU
		{A1D2DA94-6FDE-42F6-B5F6-677532949412}.Debug|Any CPU.ActiveCfg = Debug|Any CPU
		{A1D2DA94-6FDE-42F6-B5F6-677532949412}.Debug|Any CPU.Build.0 = Debug|Any CPU
		{A1D2DA94-6FDE-42F6-B5F6-677532949412}.Release|Any CPU.ActiveCfg = Release|Any CPU
		{A1D2DA94-6FDE-42F6-B5F6-677532949412}.Release|Any CPU.Build.0 = Release|Any CPU
		{A950A4F4-9CE8-458C-A470-CAF09BECAF1F}.Debug|Any CPU.ActiveCfg = Debug|Any CPU
		{A950A4F4-9CE8-458C-A470-CAF09BECAF1F}.Debug|Any CPU.Build.0 = Debug|Any CPU
		{A950A4F4-9CE8-458C-A470-CAF09BECAF1F}.Release|Any CPU.ActiveCfg = Release|Any CPU
		{A950A4F4-9CE8-458C-A470-CAF09BECAF1F}.Release|Any CPU.Build.0 = Release|Any CPU
		{7CBC5E42-0B2C-47A3-A96F-4F3EA250ED76}.Debug|Any CPU.ActiveCfg = Debug|Any CPU
		{7CBC5E42-0B2C-47A3-A96F-4F3EA250ED76}.Debug|Any CPU.Build.0 = Debug|Any CPU
		{7CBC5E42-0B2C-47A3-A96F-4F3EA250ED76}.Release|Any CPU.ActiveCfg = Release|Any CPU
		{7CBC5E42-0B2C-47A3-A96F-4F3EA250ED76}.Release|Any CPU.Build.0 = Release|Any CPU
		{20A96BB9-3F16-453F-A0ED-B821A93D56E2}.Debug|Any CPU.ActiveCfg = Debug|Any CPU
		{20A96BB9-3F16-453F-A0ED-B821A93D56E2}.Debug|Any CPU.Build.0 = Debug|Any CPU
		{20A96BB9-3F16-453F-A0ED-B821A93D56E2}.Release|Any CPU.ActiveCfg = Release|Any CPU
		{20A96BB9-3F16-453F-A0ED-B821A93D56E2}.Release|Any CPU.Build.0 = Release|Any CPU
		{DB3141EA-6CDE-48D2-8AC9-259D1409322C}.Debug|Any CPU.ActiveCfg = Debug|Any CPU
		{DB3141EA-6CDE-48D2-8AC9-259D1409322C}.Debug|Any CPU.Build.0 = Debug|Any CPU
		{DB3141EA-6CDE-48D2-8AC9-259D1409322C}.Release|Any CPU.ActiveCfg = Release|Any CPU
		{DB3141EA-6CDE-48D2-8AC9-259D1409322C}.Release|Any CPU.Build.0 = Release|Any CPU
		{35BA70A8-BBA9-4532-8958-07DE4AB51844}.Debug|Any CPU.ActiveCfg = Debug|Any CPU
		{35BA70A8-BBA9-4532-8958-07DE4AB51844}.Debug|Any CPU.Build.0 = Debug|Any CPU
		{35BA70A8-BBA9-4532-8958-07DE4AB51844}.Release|Any CPU.ActiveCfg = Release|Any CPU
		{35BA70A8-BBA9-4532-8958-07DE4AB51844}.Release|Any CPU.Build.0 = Release|Any CPU
		{0A028A4A-6AB0-472B-BB7A-8F28DA9AE709}.Debug|Any CPU.ActiveCfg = Debug|Any CPU
		{0A028A4A-6AB0-472B-BB7A-8F28DA9AE709}.Debug|Any CPU.Build.0 = Debug|Any CPU
		{0A028A4A-6AB0-472B-BB7A-8F28DA9AE709}.Release|Any CPU.ActiveCfg = Release|Any CPU
		{0A028A4A-6AB0-472B-BB7A-8F28DA9AE709}.Release|Any CPU.Build.0 = Release|Any CPU
		{68D1A4B9-7428-4AAD-9CD8-90D9ABAF16B7}.Debug|Any CPU.ActiveCfg = Debug|Any CPU
		{68D1A4B9-7428-4AAD-9CD8-90D9ABAF16B7}.Debug|Any CPU.Build.0 = Debug|Any CPU
		{68D1A4B9-7428-4AAD-9CD8-90D9ABAF16B7}.Release|Any CPU.ActiveCfg = Release|Any CPU
		{68D1A4B9-7428-4AAD-9CD8-90D9ABAF16B7}.Release|Any CPU.Build.0 = Release|Any CPU
		{C23B09FA-8035-467E-B0A7-12B923AC5FA4}.Debug|Any CPU.ActiveCfg = Debug|Any CPU
		{C23B09FA-8035-467E-B0A7-12B923AC5FA4}.Debug|Any CPU.Build.0 = Debug|Any CPU
		{C23B09FA-8035-467E-B0A7-12B923AC5FA4}.Release|Any CPU.ActiveCfg = Release|Any CPU
		{C23B09FA-8035-467E-B0A7-12B923AC5FA4}.Release|Any CPU.Build.0 = Release|Any CPU
		{626D6DD1-A5C9-4E9D-96B4-0BFA575F49F6}.Debug|Any CPU.ActiveCfg = Debug|Any CPU
		{626D6DD1-A5C9-4E9D-96B4-0BFA575F49F6}.Debug|Any CPU.Build.0 = Debug|Any CPU
		{626D6DD1-A5C9-4E9D-96B4-0BFA575F49F6}.Release|Any CPU.ActiveCfg = Release|Any CPU
		{626D6DD1-A5C9-4E9D-96B4-0BFA575F49F6}.Release|Any CPU.Build.0 = Release|Any CPU
		{6B71B642-A6FE-497C-801B-65B92F88139B}.Debug|Any CPU.ActiveCfg = Debug|Any CPU
		{6B71B642-A6FE-497C-801B-65B92F88139B}.Debug|Any CPU.Build.0 = Debug|Any CPU
		{6B71B642-A6FE-497C-801B-65B92F88139B}.Release|Any CPU.ActiveCfg = Release|Any CPU
		{6B71B642-A6FE-497C-801B-65B92F88139B}.Release|Any CPU.Build.0 = Release|Any CPU
		{9B0594E0-935C-4178-8770-3E06CFF6A733}.Debug|Any CPU.ActiveCfg = Debug|Any CPU
		{9B0594E0-935C-4178-8770-3E06CFF6A733}.Debug|Any CPU.Build.0 = Debug|Any CPU
		{9B0594E0-935C-4178-8770-3E06CFF6A733}.Release|Any CPU.ActiveCfg = Release|Any CPU
		{9B0594E0-935C-4178-8770-3E06CFF6A733}.Release|Any CPU.Build.0 = Release|Any CPU
		{3F8AA65A-9871-40FE-B92F-1847B62AA9E2}.Debug|Any CPU.ActiveCfg = Debug|Any CPU
		{3F8AA65A-9871-40FE-B92F-1847B62AA9E2}.Debug|Any CPU.Build.0 = Debug|Any CPU
		{3F8AA65A-9871-40FE-B92F-1847B62AA9E2}.Release|Any CPU.ActiveCfg = Release|Any CPU
		{3F8AA65A-9871-40FE-B92F-1847B62AA9E2}.Release|Any CPU.Build.0 = Release|Any CPU
		{9A32CE76-8A00-4D7C-8C8F-2F74EC4100B6}.Debug|Any CPU.ActiveCfg = Debug|Any CPU
		{9A32CE76-8A00-4D7C-8C8F-2F74EC4100B6}.Debug|Any CPU.Build.0 = Debug|Any CPU
		{9A32CE76-8A00-4D7C-8C8F-2F74EC4100B6}.Release|Any CPU.ActiveCfg = Release|Any CPU
		{9A32CE76-8A00-4D7C-8C8F-2F74EC4100B6}.Release|Any CPU.Build.0 = Release|Any CPU
		{9E409987-B0AF-4294-9060-DC77B65DC73B}.Debug|Any CPU.ActiveCfg = Debug|Any CPU
		{9E409987-B0AF-4294-9060-DC77B65DC73B}.Debug|Any CPU.Build.0 = Debug|Any CPU
		{9E409987-B0AF-4294-9060-DC77B65DC73B}.Release|Any CPU.ActiveCfg = Release|Any CPU
		{9E409987-B0AF-4294-9060-DC77B65DC73B}.Release|Any CPU.Build.0 = Release|Any CPU
		{F10430D2-7F2C-4DA9-B140-A550C69264FF}.Debug|Any CPU.ActiveCfg = Debug|Any CPU
		{F10430D2-7F2C-4DA9-B140-A550C69264FF}.Debug|Any CPU.Build.0 = Debug|Any CPU
		{F10430D2-7F2C-4DA9-B140-A550C69264FF}.Release|Any CPU.ActiveCfg = Release|Any CPU
		{F10430D2-7F2C-4DA9-B140-A550C69264FF}.Release|Any CPU.Build.0 = Release|Any CPU
		{C2858869-64E2-4BDB-9904-969BFD3FB1CC}.Debug|Any CPU.ActiveCfg = Debug|Any CPU
		{C2858869-64E2-4BDB-9904-969BFD3FB1CC}.Debug|Any CPU.Build.0 = Debug|Any CPU
		{C2858869-64E2-4BDB-9904-969BFD3FB1CC}.Release|Any CPU.ActiveCfg = Release|Any CPU
		{C2858869-64E2-4BDB-9904-969BFD3FB1CC}.Release|Any CPU.Build.0 = Release|Any CPU
		{E04C2540-BD3E-4B08-9370-40E8CF176868}.Debug|Any CPU.ActiveCfg = Debug|Any CPU
		{E04C2540-BD3E-4B08-9370-40E8CF176868}.Debug|Any CPU.Build.0 = Debug|Any CPU
		{E04C2540-BD3E-4B08-9370-40E8CF176868}.Release|Any CPU.ActiveCfg = Release|Any CPU
		{E04C2540-BD3E-4B08-9370-40E8CF176868}.Release|Any CPU.Build.0 = Release|Any CPU
		{A21D20D9-34CC-44A7-A5D4-544E901B3C99}.Debug|Any CPU.ActiveCfg = Debug|Any CPU
		{A21D20D9-34CC-44A7-A5D4-544E901B3C99}.Debug|Any CPU.Build.0 = Debug|Any CPU
		{A21D20D9-34CC-44A7-A5D4-544E901B3C99}.Release|Any CPU.ActiveCfg = Release|Any CPU
		{A21D20D9-34CC-44A7-A5D4-544E901B3C99}.Release|Any CPU.Build.0 = Release|Any CPU
	EndGlobalSection
	GlobalSection(SolutionProperties) = preSolution
		HideSolutionNode = FALSE
	EndGlobalSection
	GlobalSection(ExtensibilityGlobals) = postSolution
		SolutionGuid = {4C49B3A1-76A2-4693-B287-C88CAE953D2A}
	EndGlobalSection
EndGlobal
